{
  "name": "node-service",
  "version": "1.0.0",
  "lockfileVersion": 3,
  "requires": true,
  "packages": {
    "": {
      "name": "node-service",
      "version": "1.0.0",
      "dependencies": {
        "amqplib": "2.2.0",
        "cloud-config-client": "1.6.2"
      },
      "engines": {
        "node": ">=22"
      }
    },
    "node_modules/amqplib": {
      "version": "2.2.0",
      "resolved": "https://registry.npmjs.org/amqplib/-/amqplib-2.2.0.tgz",
      "integrity": "sha512-VifzN9aHs/Q3zTruVHXh2yCisQyXexBN91CQ2E5iSyUKyNjH6ilYhJGte5AXZH/Bj1PaH7SwPhyuSf6Msd2udw==",
      "license": "MIT",
      "engines": {
        "node": ">=18"
      }
    },
    "node_modules/cloud-config-client": {
      "version": "1.6.2",
      "resolved": "https://registry.npmjs.org/cloud-config-client/-/cloud-config-client-1.6.2.tgz",
      "integrity": "sha512-Q8CoTtpp63LXMdEsh0gNJIW5v3zw1yXy841qXeOjsJZC1uyrfBNy/TILiYXkv8EIgxCilyu8Rfltj2jQBey5PQ==",
      "license": "MIT"
    }
  }
}
