{
  "name": "lambda-service",
  "version": "1.0.0",
  "lockfileVersion": 3,
  "requires": true,
  "packages": {
    "": {
      "name": "lambda-service",
      "version": "1.0.0",
      "dependencies": {
        "cloud-config-client": "1.6.2"
      },
      "engines": {
        "node": ">=22"
      }
    },
    "node_modules/cloud-config-client": {
      "version": "1.6.2",
      "resolved": "https://registry.npmjs.org/cloud-config-client/-/cloud-config-client-1.6.2.tgz",
      "integrity": "sha512-Q8CoTtpp63LXMdEsh0gNJIW5v3zw1yXy841qXeOjsJZC1uyrfBNy/TILiYXkv8EIgxCilyu8Rfltj2jQBey5PQ==",
      "license": "MIT"
    }
  }
}
